
Microsoft Visual Studio Solution File, Format Version 12.00
Project("{FAE04EC0-301F-11D3-BF4B-00C04F79EFBC}") = "hitchcock_christopher_dbsreview", "hitchcock_christopher_dbsreview\hitchcock_christopher_dbsreview.csproj", "{8849D302-F7D7-46BC-B245-3ED309E6472B}"
EndProject
Global
	GlobalSection(SolutionConfigurationPlatforms) = preSolution
		Debug|Any CPU = Debug|Any CPU
		Release|Any CPU = Release|Any CPU
	EndGlobalSection
	GlobalSection(ProjectConfigurationPlatforms) = postSolution
		{8849D302-F7D7-46BC-B245-3ED309E6472B}.Debug|Any CPU.ActiveCfg = Debug|Any CPU
		{8849D302-F7D7-46BC-B245-3ED309E6472B}.Debug|Any CPU.Build.0 = Debug|Any CPU
		{8849D302-F7D7-46BC-B245-3ED309E6472B}.Release|Any CPU.ActiveCfg = Release|Any CPU
		{8849D302-F7D7-46BC-B245-3ED309E6472B}.Release|Any CPU.Build.0 = Release|Any CPU
	EndGlobalSection
EndGlobal
