
Microsoft Visual Studio Solution File, Format Version 12.00
# Visual Studio 15
Project("{FAE04EC0-301F-11D3-BF4B-00C04F79EFBC}") = "Hitchcock_Christopher_GroceryCalc", "Hitchcock_Christopher_GroceryCalc\Hitchcock_Christopher_GroceryCalc.csproj", "{BDFCD1FC-4E78-44A6-A027-4AD3D2D336AC}"
EndProject
Global
	GlobalSection(SolutionConfigurationPlatforms) = preSolution
		Debug|x86 = Debug|x86
		Release|x86 = Release|x86
	EndGlobalSection
	GlobalSection(ProjectConfigurationPlatforms) = postSolution
		{BDFCD1FC-4E78-44A6-A027-4AD3D2D336AC}.Debug|x86.ActiveCfg = Debug|x86
		{BDFCD1FC-4E78-44A6-A027-4AD3D2D336AC}.Debug|x86.Build.0 = Debug|x86
		{BDFCD1FC-4E78-44A6-A027-4AD3D2D336AC}.Release|x86.ActiveCfg = Release|x86
		{BDFCD1FC-4E78-44A6-A027-4AD3D2D336AC}.Release|x86.Build.0 = Release|x86
	EndGlobalSection
EndGlobal
