
Microsoft Visual Studio Solution File, Format Version 12.00
# Visual Studio 15
Project("{FAE04EC0-301F-11D3-BF4B-00C04F79EFBC}") = "Hitchcock_Christopher_Lists", "Hitchcock_Christopher_Lists\Hitchcock_Christopher_Lists.csproj", "{5E50B944-29DF-4E62-ADF2-0302B38482F5}"
EndProject
Global
	GlobalSection(SolutionConfigurationPlatforms) = preSolution
		Debug|x86 = Debug|x86
		Release|x86 = Release|x86
	EndGlobalSection
	GlobalSection(ProjectConfigurationPlatforms) = postSolution
		{5E50B944-29DF-4E62-ADF2-0302B38482F5}.Debug|x86.ActiveCfg = Debug|x86
		{5E50B944-29DF-4E62-ADF2-0302B38482F5}.Debug|x86.Build.0 = Debug|x86
		{5E50B944-29DF-4E62-ADF2-0302B38482F5}.Release|x86.ActiveCfg = Release|x86
		{5E50B944-29DF-4E62-ADF2-0302B38482F5}.Release|x86.Build.0 = Release|x86
	EndGlobalSection
EndGlobal
